// !$*UTF8*$!
{
	archiveVersion = 1;
	classes = {
	};
	objectVersion = 56;
	objects = {

/* Begin PBXBuildFile section */
		0DEAF10729178A4D00EB2942 /* widgetApp.swift in Sources */ = {isa = PBXBuildFile; fileRef = 0DEAF10629178A4D00EB2942 /* widgetApp.swift */; };
		0DEAF10929178A4D00EB2942 /* ContentView.swift in Sources */ = {isa = PBXBuildFile; fileRef = 0DEAF10829178A4D00EB2942 /* ContentView.swift */; };
		0DEAF10B29178A5500EB2942 /* Assets.xcassets in Resources */ = {isa = PBXBuildFile; fileRef = 0DEAF10A29178A5500EB2942 /* Assets.xcassets */; };
		0DEAF10E29178A5500EB2942 /* Preview Assets.xcassets in Resources */ = {isa = PBXBuildFile; fileRef = 0DEAF10D29178A5500EB2942 /* Preview Assets.xcassets */; };
		0DEAF11029178A5500EB2942 /* Persistence.swift in Sources */ = {isa = PBXBuildFile; fileRef = 0DEAF10F29178A5500EB2942 /* Persistence.swift */; };
		0DEAF11329178A5500EB2942 /* widget.xcdatamodeld in Sources */ = {isa = PBXBuildFile; fileRef = 0DEAF11129178A5500EB2942 /* widget.xcdatamodeld */; };
		0DEAF12029178BAE00EB2942 /* WidgetKit.framework in Frameworks */ = {isa = PBXBuildFile; fileRef = 0DEAF11F29178BAE00EB2942 /* WidgetKit.framework */; };
		0DEAF12229178BAE00EB2942 /* SwiftUI.framework in Frameworks */ = {isa = PBXBuildFile; fileRef = 0DEAF12129178BAE00EB2942 /* SwiftUI.framework */; };
		0DEAF12529178BAE00EB2942 /* SampleWidgetBundle.swift in Sources */ = {isa = PBXBuildFile; fileRef = 0DEAF12429178BAE00EB2942 /* SampleWidgetBundle.swift */; };
		0DEAF12729178BAE00EB2942 /* SampleWidgetLiveActivity.swift in Sources */ = {isa = PBXBuildFile; fileRef = 0DEAF12629178BAE00EB2942 /* SampleWidgetLiveActivity.swift */; };
		0DEAF12929178BAE00EB2942 /* SampleWidget.swift in Sources */ = {isa = PBXBuildFile; fileRef = 0DEAF12829178BAE00EB2942 /* SampleWidget.swift */; };
		0DEAF12B29178BB500EB2942 /* Assets.xcassets in Resources */ = {isa = PBXBuildFile; fileRef = 0DEAF12A29178BB500EB2942 /* Assets.xcassets */; };
		0DEAF12F29178BB500EB2942 /* SampleWidgetExtension.appex in Embed Foundation Extensions */ = {isa = PBXBuildFile; fileRef = 0DEAF11D29178BAE00EB2942 /* SampleWidgetExtension.appex */; settings = {ATTRIBUTES = (RemoveHeadersOnCopy, ); }; };
		0DEAF136291795AD00EB2942 /* widget.xcdatamodeld in Sources */ = {isa = PBXBuildFile; fileRef = 0DEAF11129178A5500EB2942 /* widget.xcdatamodeld */; };
		0DEAF1372917AFFE00EB2942 /* Persistence.swift in Sources */ = {isa = PBXBuildFile; fileRef = 0DEAF10F29178A5500EB2942 /* Persistence.swift */; };
/* End PBXBuildFile section */

/* Begin PBXContainerItemProxy section */
		0DEAF12D29178BB500EB2942 /* PBXContainerItemProxy */ = {
			isa = PBXContainerItemProxy;
			containerPortal = 0DEAF0FB29178A4C00EB2942 /* Project object */;
			proxyType = 1;
			remoteGlobalIDString = 0DEAF11C29178BAE00EB2942;
			remoteInfo = SampleWidgetExtension;
		};
/* End PBXContainerItemProxy section */

/* Begin PBXCopyFilesBuildPhase section */
		0DEAF13329178BB500EB2942 /* Embed Foundation Extensions */ = {
			isa = PBXCopyFilesBuildPhase;
			buildActionMask = 2147483647;
			dstPath = "";
			dstSubfolderSpec = 13;
			files = (
				0DEAF12F29178BB500EB2942 /* SampleWidgetExtension.appex in Embed Foundation Extensions */,
			);
			name = "Embed Foundation Extensions";
			runOnlyForDeploymentPostprocessing = 0;
		};
/* End PBXCopyFilesBuildPhase section */

/* Begin PBXFileReference section */
		0DEAF10329178A4D00EB2942 /* widget.app */ = {isa = PBXFileReference; explicitFileType = wrapper.application; includeInIndex = 0; path = widget.app; sourceTree = BUILT_PRODUCTS_DIR; };
		0DEAF10629178A4D00EB2942 /* widgetApp.swift */ = {isa = PBXFileReference; lastKnownFileType = sourcecode.swift; path = widgetApp.swift; sourceTree = "<group>"; };
		0DEAF10829178A4D00EB2942 /* ContentView.swift */ = {isa = PBXFileReference; lastKnownFileType = sourcecode.swift; path = ContentView.swift; sourceTree = "<group>"; };
		0DEAF10A29178A5500EB2942 /* Assets.xcassets */ = {isa = PBXFileReference; lastKnownFileType = folder.assetcatalog; path = Assets.xcassets; sourceTree = "<group>"; };
		0DEAF10D29178A5500EB2942 /* Preview Assets.xcassets */ = {isa = PBXFileReference; lastKnownFileType = folder.assetcatalog; path = "Preview Assets.xcassets"; sourceTree = "<group>"; };
		0DEAF10F29178A5500EB2942 /* Persistence.swift */ = {isa = PBXFileReference; lastKnownFileType = sourcecode.swift; path = Persistence.swift; sourceTree = "<group>"; };
		0DEAF11229178A5500EB2942 /* widget.xcdatamodel */ = {isa = PBXFileReference; lastKnownFileType = wrapper.xcdatamodel; path = widget.xcdatamodel; sourceTree = "<group>"; };
		0DEAF11D29178BAE00EB2942 /* SampleWidgetExtension.appex */ = {isa = PBXFileReference; explicitFileType = "wrapper.app-extension"; includeInIndex = 0; path = SampleWidgetExtension.appex; sourceTree = BUILT_PRODUCTS_DIR; };
		0DEAF11F29178BAE00EB2942 /* WidgetKit.framework */ = {isa = PBXFileReference; lastKnownFileType = wrapper.framework; name = WidgetKit.framework; path = System/Library/Frameworks/WidgetKit.framework; sourceTree = SDKROOT; };
		0DEAF12129178BAE00EB2942 /* SwiftUI.framework */ = {isa = PBXFileReference; lastKnownFileType = wrapper.framework; name = SwiftUI.framework; path = System/Library/Frameworks/SwiftUI.framework; sourceTree = SDKROOT; };
		0DEAF12429178BAE00EB2942 /* SampleWidgetBundle.swift */ = {isa = PBXFileReference; lastKnownFileType = sourcecode.swift; path = SampleWidgetBundle.swift; sourceTree = "<group>"; };
		0DEAF12629178BAE00EB2942 /* SampleWidgetLiveActivity.swift */ = {isa = PBXFileReference; lastKnownFileType = sourcecode.swift; path = SampleWidgetLiveActivity.swift; sourceTree = "<group>"; };
		0DEAF12829178BAE00EB2942 /* SampleWidget.swift */ = {isa = PBXFileReference; lastKnownFileType = sourcecode.swift; path = SampleWidget.swift; sourceTree = "<group>"; };
		0DEAF12A29178BB500EB2942 /* Assets.xcassets */ = {isa = PBXFileReference; lastKnownFileType = folder.assetcatalog; path = Assets.xcassets; sourceTree = "<group>"; };
		0DEAF12C29178BB500EB2942 /* Info.plist */ = {isa = PBXFileReference; lastKnownFileType = text.plist.xml; path = Info.plist; sourceTree = "<group>"; };
		0DEAF13429178C4000EB2942 /* widget.entitlements */ = {isa = PBXFileReference; lastKnownFileType = text.plist.entitlements; path = widget.entitlements; sourceTree = "<group>"; };
		0DEAF13529178C8800EB2942 /* SampleWidgetExtension.entitlements */ = {isa = PBXFileReference; lastKnownFileType = text.plist.entitlements; path = SampleWidgetExtension.entitlements; sourceTree = "<group>"; };
/* End PBXFileReference section */

/* Begin PBXFrameworksBuildPhase section */
		0DEAF10029178A4D00EB2942 /* Frameworks */ = {
			isa = PBXFrameworksBuildPhase;
			buildActionMask = 2147483647;
			files = (
			);
			runOnlyForDeploymentPostprocessing = 0;
		};
		0DEAF11A29178BAE00EB2942 /* Frameworks */ = {
			isa = PBXFrameworksBuildPhase;
			buildActionMask = 2147483647;
			files = (
				0DEAF12229178BAE00EB2942 /* SwiftUI.framework in Frameworks */,
				0DEAF12029178BAE00EB2942 /* WidgetKit.framework in Frameworks */,
			);
			runOnlyForDeploymentPostprocessing = 0;
		};
/* End PBXFrameworksBuildPhase section */

/* Begin PBXGroup section */
		0DEAF0FA29178A4C00EB2942 = {
			isa = PBXGroup;
			children = (
				0DEAF13529178C8800EB2942 /* SampleWidgetExtension.entitlements */,
				0DEAF10529178A4D00EB2942 /* widget */,
				0DEAF12329178BAE00EB2942 /* SampleWidget */,
				0DEAF11E29178BAE00EB2942 /* Frameworks */,
				0DEAF10429178A4D00EB2942 /* Products */,
			);
			sourceTree = "<group>";
		};
		0DEAF10429178A4D00EB2942 /* Products */ = {
			isa = PBXGroup;
			children = (
				0DEAF10329178A4D00EB2942 /* widget.app */,
				0DEAF11D29178BAE00EB2942 /* SampleWidgetExtension.appex */,
			);
			name = Products;
			sourceTree = "<group>";
		};
		0DEAF10529178A4D00EB2942 /* widget */ = {
			isa = PBXGroup;
			children = (
				0DEAF13429178C4000EB2942 /* widget.entitlements */,
				0DEAF10629178A4D00EB2942 /* widgetApp.swift */,
				0DEAF10829178A4D00EB2942 /* ContentView.swift */,
				0DEAF10A29178A5500EB2942 /* Assets.xcassets */,
				0DEAF10F29178A5500EB2942 /* Persistence.swift */,
				0DEAF11129178A5500EB2942 /* widget.xcdatamodeld */,
				0DEAF10C29178A5500EB2942 /* Preview Content */,
			);
			path = widget;
			sourceTree = "<group>";
		};
		0DEAF10C29178A5500EB2942 /* Preview Content */ = {
			isa = PBXGroup;
			children = (
				0DEAF10D29178A5500EB2942 /* Preview Assets.xcassets */,
			);
			path = "Preview Content";
			sourceTree = "<group>";
		};
		0DEAF11E29178BAE00EB2942 /* Frameworks */ = {
			isa = PBXGroup;
			children = (
				0DEAF11F29178BAE00EB2942 /* WidgetKit.framework */,
				0DEAF12129178BAE00EB2942 /* SwiftUI.framework */,
			);
			name = Frameworks;
			sourceTree = "<group>";
		};
		0DEAF12329178BAE00EB2942 /* SampleWidget */ = {
			isa = PBXGroup;
			children = (
				0DEAF12429178BAE00EB2942 /* SampleWidgetBundle.swift */,
				0DEAF12629178BAE00EB2942 /* SampleWidgetLiveActivity.swift */,
				0DEAF12829178BAE00EB2942 /* SampleWidget.swift */,
				0DEAF12A29178BB500EB2942 /* Assets.xcassets */,
				0DEAF12C29178BB500EB2942 /* Info.plist */,
			);
			path = SampleWidget;
			sourceTree = "<group>";
		};
/* End PBXGroup section */

/* Begin PBXNativeTarget section */
		0DEAF10229178A4D00EB2942 /* widget */ = {
			isa = PBXNativeTarget;
			buildConfigurationList = 0DEAF11629178A5500EB2942 /* Build configuration list for PBXNativeTarget "widget" */;
			buildPhases = (
				0DEAF0FF29178A4D00EB2942 /* Sources */,
				0DEAF10029178A4D00EB2942 /* Frameworks */,
				0DEAF10129178A4D00EB2942 /* Resources */,
				0DEAF13329178BB500EB2942 /* Embed Foundation Extensions */,
			);
			buildRules = (
			);
			dependencies = (
				0DEAF12E29178BB500EB2942 /* PBXTargetDependency */,
			);
			name = widget;
			productName = widget;
			productReference = 0DEAF10329178A4D00EB2942 /* widget.app */;
			productType = "com.apple.product-type.application";
		};
		0DEAF11C29178BAE00EB2942 /* SampleWidgetExtension */ = {
			isa = PBXNativeTarget;
			buildConfigurationList = 0DEAF13029178BB500EB2942 /* Build configuration list for PBXNativeTarget "SampleWidgetExtension" */;
			buildPhases = (
				0DEAF11929178BAE00EB2942 /* Sources */,
				0DEAF11A29178BAE00EB2942 /* Frameworks */,
				0DEAF11B29178BAE00EB2942 /* Resources */,
			);
			buildRules = (
			);
			dependencies = (
			);
			name = SampleWidgetExtension;
			productName = SampleWidgetExtension;
			productReference = 0DEAF11D29178BAE00EB2942 /* SampleWidgetExtension.appex */;
			productType = "com.apple.product-type.app-extension";
		};
/* End PBXNativeTarget section */

/* Begin PBXProject section */
		0DEAF0FB29178A4C00EB2942 /* Project object */ = {
			isa = PBXProject;
			attributes = {
				BuildIndependentTargetsInParallel = 1;
				LastSwiftUpdateCheck = 1410;
				LastUpgradeCheck = 1410;
				TargetAttributes = {
					0DEAF10229178A4D00EB2942 = {
						CreatedOnToolsVersion = 14.1;
					};
					0DEAF11C29178BAE00EB2942 = {
						CreatedOnToolsVersion = 14.1;
					};
				};
			};
			buildConfigurationList = 0DEAF0FE29178A4C00EB2942 /* Build configuration list for PBXProject "widget" */;
			compatibilityVersion = "Xcode 14.0";
			developmentRegion = en;
			hasScannedForEncodings = 0;
			knownRegions = (
				en,
				Base,
			);
			mainGroup = 0DEAF0FA29178A4C00EB2942;
			productRefGroup = 0DEAF10429178A4D00EB2942 /* Products */;
			projectDirPath = "";
			projectRoot = "";
			targets = (
				0DEAF10229178A4D00EB2942 /* widget */,
				0DEAF11C29178BAE00EB2942 /* SampleWidgetExtension */,
			);
		};
/* End PBXProject section */

/* Begin PBXResourcesBuildPhase section */
		0DEAF10129178A4D00EB2942 /* Resources */ = {
			isa = PBXResourcesBuildPhase;
			buildActionMask = 2147483647;
			files = (
				0DEAF10E29178A5500EB2942 /* Preview Assets.xcassets in Resources */,
				0DEAF10B29178A5500EB2942 /* Assets.xcassets in Resources */,
			);
			runOnlyForDeploymentPostprocessing = 0;
		};
		0DEAF11B29178BAE00EB2942 /* Resources */ = {
			isa = PBXResourcesBuildPhase;
			buildActionMask = 2147483647;
			files = (
				0DEAF12B29178BB500EB2942 /* Assets.xcassets in Resources */,
			);
			runOnlyForDeploymentPostprocessing = 0;
		};
/* End PBXResourcesBuildPhase section */

/* Begin PBXSourcesBuildPhase section */
		0DEAF0FF29178A4D00EB2942 /* Sources */ = {
			isa = PBXSourcesBuildPhase;
			buildActionMask = 2147483647;
			files = (
				0DEAF11029178A5500EB2942 /* Persistence.swift in Sources */,
				0DEAF10929178A4D00EB2942 /* ContentView.swift in Sources */,
				0DEAF10729178A4D00EB2942 /* widgetApp.swift in Sources */,
				0DEAF11329178A5500EB2942 /* widget.xcdatamodeld in Sources */,
			);
			runOnlyForDeploymentPostprocessing = 0;
		};
		0DEAF11929178BAE00EB2942 /* Sources */ = {
			isa = PBXSourcesBuildPhase;
			buildActionMask = 2147483647;
			files = (
				0DEAF12729178BAE00EB2942 /* SampleWidgetLiveActivity.swift in Sources */,
				0DEAF12529178BAE00EB2942 /* SampleWidgetBundle.swift in Sources */,
				0DEAF12929178BAE00EB2942 /* SampleWidget.swift in Sources */,
				0DEAF136291795AD00EB2942 /* widget.xcdatamodeld in Sources */,
				0DEAF1372917AFFE00EB2942 /* Persistence.swift in Sources */,
			);
			runOnlyForDeploymentPostprocessing = 0;
		};
/* End PBXSourcesBuildPhase section */

/* Begin PBXTargetDependency section */
		0DEAF12E29178BB500EB2942 /* PBXTargetDependency */ = {
			isa = PBXTargetDependency;
			target = 0DEAF11C29178BAE00EB2942 /* SampleWidgetExtension */;
			targetProxy = 0DEAF12D29178BB500EB2942 /* PBXContainerItemProxy */;
		};
/* End PBXTargetDependency section */

/* Begin XCBuildConfiguration section */
		0DEAF11429178A5500EB2942 /* Debug */ = {
			isa = XCBuildConfiguration;
			buildSettings = {
				ALWAYS_SEARCH_USER_PATHS = NO;
				CLANG_ANALYZER_NONNULL = YES;
				CLANG_ANALYZER_NUMBER_OBJECT_CONVERSION = YES_AGGRESSIVE;
				CLANG_CXX_LANGUAGE_STANDARD = "gnu++20";
				CLANG_ENABLE_MODULES = YES;
				CLANG_ENABLE_OBJC_ARC = YES;
				CLANG_ENABLE_OBJC_WEAK = YES;
				CLANG_WARN_BLOCK_CAPTURE_AUTORELEASING = YES;
				CLANG_WARN_BOOL_CONVERSION = YES;
				CLANG_WARN_COMMA = YES;
				CLANG_WARN_CONSTANT_CONVERSION = YES;
				CLANG_WARN_DEPRECATED_OBJC_IMPLEMENTATIONS = YES;
				CLANG_WARN_DIRECT_OBJC_ISA_USAGE = YES_ERROR;
				CLANG_WARN_DOCUMENTATION_COMMENTS = YES;
				CLANG_WARN_EMPTY_BODY = YES;
				CLANG_WARN_ENUM_CONVERSION = YES;
				CLANG_WARN_INFINITE_RECURSION = YES;
				CLANG_WARN_INT_CONVERSION = YES;
				CLANG_WARN_NON_LITERAL_NULL_CONVERSION = YES;
				CLANG_WARN_OBJC_IMPLICIT_RETAIN_SELF = YES;
				CLANG_WARN_OBJC_LITERAL_CONVERSION = YES;
				CLANG_WARN_OBJC_ROOT_CLASS = YES_ERROR;
				CLANG_WARN_QUOTED_INCLUDE_IN_FRAMEWORK_HEADER = YES;
				CLANG_WARN_RANGE_LOOP_ANALYSIS = YES;
				CLANG_WARN_STRICT_PROTOTYPES = YES;
				CLANG_WARN_SUSPICIOUS_MOVE = YES;
				CLANG_WARN_UNGUARDED_AVAILABILITY = YES_AGGRESSIVE;
				CLANG_WARN_UNREACHABLE_CODE = YES;
				CLANG_WARN__DUPLICATE_METHOD_MATCH = YES;
				COPY_PHASE_STRIP = NO;
				DEBUG_INFORMATION_FORMAT = dwarf;
				ENABLE_STRICT_OBJC_MSGSEND = YES;
				ENABLE_TESTABILITY = YES;
				GCC_C_LANGUAGE_STANDARD = gnu11;
				GCC_DYNAMIC_NO_PIC = NO;
				GCC_NO_COMMON_BLOCKS = YES;
				GCC_OPTIMIZATION_LEVEL = 0;
				GCC_PREPROCESSOR_DEFINITIONS = (
					"DEBUG=1",
					"$(inherited)",
				);
				GCC_WARN_64_TO_32_BIT_CONVERSION = YES;
				GCC_WARN_ABOUT_RETURN_TYPE = YES_ERROR;
				GCC_WARN_UNDECLARED_SELECTOR = YES;
				GCC_WARN_UNINITIALIZED_AUTOS = YES_AGGRESSIVE;
				GCC_WARN_UNUSED_FUNCTION = YES;
				GCC_WARN_UNUSED_VARIABLE = YES;
				IPHONEOS_DEPLOYMENT_TARGET = 16.1;
				MTL_ENABLE_DEBUG_INFO = INCLUDE_SOURCE;
				MTL_FAST_MATH = YES;
				ONLY_ACTIVE_ARCH = YES;
				SDKROOT = iphoneos;
				SWIFT_ACTIVE_COMPILATION_CONDITIONS = DEBUG;
				SWIFT_OPTIMIZATION_LEVEL = "-Onone";
			};
			name = Debug;
		};
		0DEAF11529178A5500EB2942 /* Release */ = {
			isa = XCBuildConfiguration;
			buildSettings = {
				ALWAYS_SEARCH_USER_PATHS = NO;
				CLANG_ANALYZER_NONNULL = YES;
				CLANG_ANALYZER_NUMBER_OBJECT_CONVERSION = YES_AGGRESSIVE;
				CLANG_CXX_LANGUAGE_STANDARD = "gnu++20";
				CLANG_ENABLE_MODULES = YES;
				CLANG_ENABLE_OBJC_ARC = YES;
				CLANG_ENABLE_OBJC_WEAK = YES;
				CLANG_WARN_BLOCK_CAPTURE_AUTORELEASING = YES;
				CLANG_WARN_BOOL_CONVERSION = YES;
				CLANG_WARN_COMMA = YES;
				CLANG_WARN_CONSTANT_CONVERSION = YES;
				CLANG_WARN_DEPRECATED_OBJC_IMPLEMENTATIONS = YES;
				CLANG_WARN_DIRECT_OBJC_ISA_USAGE = YES_ERROR;
				CLANG_WARN_DOCUMENTATION_COMMENTS = YES;
				CLANG_WARN_EMPTY_BODY = YES;
				CLANG_WARN_ENUM_CONVERSION = YES;
				CLANG_WARN_INFINITE_RECURSION = YES;
				CLANG_WARN_INT_CONVERSION = YES;
				CLANG_WARN_NON_LITERAL_NULL_CONVERSION = YES;
				CLANG_WARN_OBJC_IMPLICIT_RETAIN_SELF = YES;
				CLANG_WARN_OBJC_LITERAL_CONVERSION = YES;
				CLANG_WARN_OBJC_ROOT_CLASS = YES_ERROR;
				CLANG_WARN_QUOTED_INCLUDE_IN_FRAMEWORK_HEADER = YES;
				CLANG_WARN_RANGE_LOOP_ANALYSIS = YES;
				CLANG_WARN_STRICT_PROTOTYPES = YES;
				CLANG_WARN_SUSPICIOUS_MOVE = YES;
				CLANG_WARN_UNGUARDED_AVAILABILITY = YES_AGGRESSIVE;
				CLANG_WARN_UNREACHABLE_CODE = YES;
				CLANG_WARN__DUPLICATE_METHOD_MATCH = YES;
				COPY_PHASE_STRIP = NO;
				DEBUG_INFORMATION_FORMAT = "dwarf-with-dsym";
				ENABLE_NS_ASSERTIONS = NO;
				ENABLE_STRICT_OBJC_MSGSEND = YES;
				GCC_C_LANGUAGE_STANDARD = gnu11;
				GCC_NO_COMMON_BLOCKS = YES;
				GCC_WARN_64_TO_32_BIT_CONVERSION = YES;
				GCC_WARN_ABOUT_RETURN_TYPE = YES_ERROR;
				GCC_WARN_UNDECLARED_SELECTOR = YES;
				GCC_WARN_UNINITIALIZED_AUTOS = YES_AGGRESSIVE;
				GCC_WARN_UNUSED_FUNCTION = YES;
				GCC_WARN_UNUSED_VARIABLE = YES;
				IPHONEOS_DEPLOYMENT_TARGET = 16.1;
				MTL_ENABLE_DEBUG_INFO = NO;
				MTL_FAST_MATH = YES;
				SDKROOT = iphoneos;
				SWIFT_COMPILATION_MODE = wholemodule;
				SWIFT_OPTIMIZATION_LEVEL = "-O";
				VALIDATE_PRODUCT = YES;
			};
			name = Release;
		};
		0DEAF11729178A5500EB2942 /* Debug */ = {
			isa = XCBuildConfiguration;
			buildSettings = {
				ALWAYS_EMBED_SWIFT_STANDARD_LIBRARIES = YES;
				ASSETCATALOG_COMPILER_APPICON_NAME = AppIcon;
				ASSETCATALOG_COMPILER_GLOBAL_ACCENT_COLOR_NAME = AccentColor;
				CODE_SIGN_ENTITLEMENTS = widget/widget.entitlements;
				CODE_SIGN_STYLE = Automatic;
				CURRENT_PROJECT_VERSION = 1;
				DEVELOPMENT_ASSET_PATHS = "\"widget/Preview Content\"";
				DEVELOPMENT_TEAM = NMVH7U46L7;
				ENABLE_PREVIEWS = YES;
				GENERATE_INFOPLIST_FILE = YES;
				INFOPLIST_KEY_UIApplicationSceneManifest_Generation = YES;
				INFOPLIST_KEY_UIApplicationSupportsIndirectInputEvents = YES;
				INFOPLIST_KEY_UILaunchScreen_Generation = YES;
				INFOPLIST_KEY_UISupportedInterfaceOrientations_iPad = "UIInterfaceOrientationPortrait UIInterfaceOrientationPortraitUpsideDown UIInterfaceOrientationLandscapeLeft UIInterfaceOrientationLandscapeRight";
				INFOPLIST_KEY_UISupportedInterfaceOrientations_iPhone = "UIInterfaceOrientationPortrait UIInterfaceOrientationLandscapeLeft UIInterfaceOrientationLandscapeRight";
				LD_RUNPATH_SEARCH_PATHS = (
					"$(inherited)",
					"@executable_path/Frameworks",
				);
				MARKETING_VERSION = 1.0;
				PRODUCT_BUNDLE_IDENTIFIER = harukikoga.com.widget;
				PRODUCT_NAME = "$(TARGET_NAME)";
				SWIFT_EMIT_LOC_STRINGS = YES;
				SWIFT_VERSION = 5.0;
				TARGETED_DEVICE_FAMILY = "1,2";
			};
			name = Debug;
		};
		0DEAF11829178A5500EB2942 /* Release */ = {
			isa = XCBuildConfiguration;
			buildSettings = {
				ALWAYS_EMBED_SWIFT_STANDARD_LIBRARIES = YES;
				ASSETCATALOG_COMPILER_APPICON_NAME = AppIcon;
				ASSETCATALOG_COMPILER_GLOBAL_ACCENT_COLOR_NAME = AccentColor;
				CODE_SIGN_ENTITLEMENTS = widget/widget.entitlements;
				CODE_SIGN_STYLE = Automatic;
				CURRENT_PROJECT_VERSION = 1;
				DEVELOPMENT_ASSET_PATHS = "\"widget/Preview Content\"";
				DEVELOPMENT_TEAM = NMVH7U46L7;
				ENABLE_PREVIEWS = YES;
				GENERATE_INFOPLIST_FILE = YES;
				INFOPLIST_KEY_UIApplicationSceneManifest_Generation = YES;
				INFOPLIST_KEY_UIApplicationSupportsIndirectInputEvents = YES;
				INFOPLIST_KEY_UILaunchScreen_Generation = YES;
				INFOPLIST_KEY_UISupportedInterfaceOrientations_iPad = "UIInterfaceOrientationPortrait UIInterfaceOrientationPortraitUpsideDown UIInterfaceOrientationLandscapeLeft UIInterfaceOrientationLandscapeRight";
				INFOPLIST_KEY_UISupportedInterfaceOrientations_iPhone = "UIInterfaceOrientationPortrait UIInterfaceOrientationLandscapeLeft UIInterfaceOrientationLandscapeRight";
				LD_RUNPATH_SEARCH_PATHS = (
					"$(inherited)",
					"@executable_path/Frameworks",
				);
				MARKETING_VERSION = 1.0;
				PRODUCT_BUNDLE_IDENTIFIER = harukikoga.com.widget;
				PRODUCT_NAME = "$(TARGET_NAME)";
				SWIFT_EMIT_LOC_STRINGS = YES;
				SWIFT_VERSION = 5.0;
				TARGETED_DEVICE_FAMILY = "1,2";
			};
			name = Release;
		};
		0DEAF13129178BB500EB2942 /* Debug */ = {
			isa = XCBuildConfiguration;
			buildSettings = {
				ASSETCATALOG_COMPILER_GLOBAL_ACCENT_COLOR_NAME = AccentColor;
				ASSETCATALOG_COMPILER_WIDGET_BACKGROUND_COLOR_NAME = WidgetBackground;
				CODE_SIGN_ENTITLEMENTS = SampleWidgetExtension.entitlements;
				CODE_SIGN_STYLE = Automatic;
				CURRENT_PROJECT_VERSION = 1;
				DEVELOPMENT_TEAM = NMVH7U46L7;
				GENERATE_INFOPLIST_FILE = YES;
				INFOPLIST_FILE = SampleWidget/Info.plist;
				INFOPLIST_KEY_CFBundleDisplayName = SampleWidget;
				INFOPLIST_KEY_NSHumanReadableCopyright = "";
				LD_RUNPATH_SEARCH_PATHS = (
					"$(inherited)",
					"@executable_path/Frameworks",
					"@executable_path/../../Frameworks",
				);
				MARKETING_VERSION = 1.0;
				PRODUCT_BUNDLE_IDENTIFIER = harukikoga.com.widget.SampleWidget;
				PRODUCT_NAME = "$(TARGET_NAME)";
				SKIP_INSTALL = YES;
				SWIFT_EMIT_LOC_STRINGS = YES;
				SWIFT_VERSION = 5.0;
				TARGETED_DEVICE_FAMILY = "1,2";
			};
			name = Debug;
		};
		0DEAF13229178BB500EB2942 /* Release */ = {
			isa = XCBuildConfiguration;
			buildSettings = {
				ASSETCATALOG_COMPILER_GLOBAL_ACCENT_COLOR_NAME = AccentColor;
				ASSETCATALOG_COMPILER_WIDGET_BACKGROUND_COLOR_NAME = WidgetBackground;
				CODE_SIGN_ENTITLEMENTS = SampleWidgetExtension.entitlements;
				CODE_SIGN_STYLE = Automatic;
				CURRENT_PROJECT_VERSION = 1;
				DEVELOPMENT_TEAM = NMVH7U46L7;
				GENERATE_INFOPLIST_FILE = YES;
				INFOPLIST_FILE = SampleWidget/Info.plist;
				INFOPLIST_KEY_CFBundleDisplayName = SampleWidget;
				INFOPLIST_KEY_NSHumanReadableCopyright = "";
				LD_RUNPATH_SEARCH_PATHS = (
					"$(inherited)",
					"@executable_path/Frameworks",
					"@executable_path/../../Frameworks",
				);
				MARKETING_VERSION = 1.0;
				PRODUCT_BUNDLE_IDENTIFIER = harukikoga.com.widget.SampleWidget;
				PRODUCT_NAME = "$(TARGET_NAME)";
				SKIP_INSTALL = YES;
				SWIFT_EMIT_LOC_STRINGS = YES;
				SWIFT_VERSION = 5.0;
				TARGETED_DEVICE_FAMILY = "1,2";
			};
			name = Release;
		};
/* End XCBuildConfiguration section */

/* Begin XCConfigurationList section */
		0DEAF0FE29178A4C00EB2942 /* Build configuration list for PBXProject "widget" */ = {
			isa = XCConfigurationList;
			buildConfigurations = (
				0DEAF11429178A5500EB2942 /* Debug */,
				0DEAF11529178A5500EB2942 /* Release */,
			);
			defaultConfigurationIsVisible = 0;
			defaultConfigurationName = Release;
		};
		0DEAF11629178A5500EB2942 /* Build configuration list for PBXNativeTarget "widget" */ = {
			isa = XCConfigurationList;
			buildConfigurations = (
				0DEAF11729178A5500EB2942 /* Debug */,
				0DEAF11829178A5500EB2942 /* Release */,
			);
			defaultConfigurationIsVisible = 0;
			defaultConfigurationName = Release;
		};
		0DEAF13029178BB500EB2942 /* Build configuration list for PBXNativeTarget "SampleWidgetExtension" */ = {
			isa = XCConfigurationList;
			buildConfigurations = (
				0DEAF13129178BB500EB2942 /* Debug */,
				0DEAF13229178BB500EB2942 /* Release */,
			);
			defaultConfigurationIsVisible = 0;
			defaultConfigurationName = Release;
		};
/* End XCConfigurationList section */

/* Begin XCVersionGroup section */
		0DEAF11129178A5500EB2942 /* widget.xcdatamodeld */ = {
			isa = XCVersionGroup;
			children = (
				0DEAF11229178A5500EB2942 /* widget.xcdatamodel */,
			);
			currentVersion = 0DEAF11229178A5500EB2942 /* widget.xcdatamodel */;
			path = widget.xcdatamodeld;
			sourceTree = "<group>";
			versionGroupType = wrapper.xcdatamodel;
		};
/* End XCVersionGroup section */
	};
	rootObject = 0DEAF0FB29178A4C00EB2942 /* Project object */;
}
